// !$*UTF8*$!
{
	archiveVersion = 1;
	classes = {
	};
	objectVersion = 55;
	objects = {

/* Begin PBXBuildFile section */
		EC2C6FAF2801788F00A34FA0 /* ExploreCell.swift in Sources */ = {isa = PBXBuildFile; fileRef = EC2C6FAE2801788F00A34FA0 /* ExploreCell.swift */; };
		EC2C6FB428028B5900A34FA0 /* LocationViewController.swift in Sources */ = {isa = PBXBuildFile; fileRef = EC2C6FB328028B5900A34FA0 /* LocationViewController.swift */; };
		EC2C6FB8280290A300A34FA0 /* LocationDataManager.swift in Sources */ = {isa = PBXBuildFile; fileRef = EC2C6FB7280290A300A34FA0 /* LocationDataManager.swift */; };
		EC2C6FBA280294B300A34FA0 /* Locations.plist in Resources */ = {isa = PBXBuildFile; fileRef = EC2C6FB9280294B300A34FA0 /* Locations.plist */; };
		EC3E56872809691F00751BA2 /* MapLocations.plist in Resources */ = {isa = PBXBuildFile; fileRef = EC3E56862809691F00751BA2 /* MapLocations.plist */; };
		EC3E56892809696B00751BA2 /* RestaurantItem.swift in Sources */ = {isa = PBXBuildFile; fileRef = EC3E56882809696B00751BA2 /* RestaurantItem.swift */; };
		EC3E568B28096D9100751BA2 /* MapDataManager.swift in Sources */ = {isa = PBXBuildFile; fileRef = EC3E568A28096D9100751BA2 /* MapDataManager.swift */; };
		EC4A0BE027E5BB8C000D0F4B /* RestaurantListViewController.swift in Sources */ = {isa = PBXBuildFile; fileRef = EC4A0BDF27E5BB8C000D0F4B /* RestaurantListViewController.swift */; };
		EC4DF1CF27FC16C0001B8D7D /* ExploreData.plist in Resources */ = {isa = PBXBuildFile; fileRef = EC4DF1CE27FC16C0001B8D7D /* ExploreData.plist */; };
		EC4DF1D127FC175A001B8D7D /* ExploreItem.swift in Sources */ = {isa = PBXBuildFile; fileRef = EC4DF1D027FC175A001B8D7D /* ExploreItem.swift */; };
		EC4DF1D327FC1E08001B8D7D /* ExploreDataManager.swift in Sources */ = {isa = PBXBuildFile; fileRef = EC4DF1D227FC1E08001B8D7D /* ExploreDataManager.swift */; };
		ECC8C65527E49A1200B59B70 /* AppDelegate.swift in Sources */ = {isa = PBXBuildFile; fileRef = ECC8C65427E49A1200B59B70 /* AppDelegate.swift */; };
		ECC8C65727E49A1200B59B70 /* SceneDelegate.swift in Sources */ = {isa = PBXBuildFile; fileRef = ECC8C65627E49A1200B59B70 /* SceneDelegate.swift */; };
		ECC8C65C27E49A1200B59B70 /* Main.storyboard in Resources */ = {isa = PBXBuildFile; fileRef = ECC8C65A27E49A1200B59B70 /* Main.storyboard */; };
		ECC8C66127E49A1D00B59B70 /* LaunchScreen.storyboard in Resources */ = {isa = PBXBuildFile; fileRef = ECC8C65F27E49A1D00B59B70 /* LaunchScreen.storyboard */; };
		ECC8C66927E4A61100B59B70 /* Assets.xcassets in Resources */ = {isa = PBXBuildFile; fileRef = ECC8C66827E4A61100B59B70 /* Assets.xcassets */; };
		ECC8C66C27E4B0A700B59B70 /* ExploreViewController.swift in Sources */ = {isa = PBXBuildFile; fileRef = ECC8C66B27E4B0A700B59B70 /* ExploreViewController.swift */; };
/* End PBXBuildFile section */

/* Begin PBXFileReference section */
		EC2C6FAE2801788F00A34FA0 /* ExploreCell.swift */ = {isa = PBXFileReference; lastKnownFileType = sourcecode.swift; path = ExploreCell.swift; sourceTree = "<group>"; };
		EC2C6FB328028B5900A34FA0 /* LocationViewController.swift */ = {isa = PBXFileReference; lastKnownFileType = sourcecode.swift; path = LocationViewController.swift; sourceTree = "<group>"; };
		EC2C6FB7280290A300A34FA0 /* LocationDataManager.swift */ = {isa = PBXFileReference; lastKnownFileType = sourcecode.swift; path = LocationDataManager.swift; sourceTree = "<group>"; };
		EC2C6FB9280294B300A34FA0 /* Locations.plist */ = {isa = PBXFileReference; fileEncoding = 4; lastKnownFileType = text.plist.xml; path = Locations.plist; sourceTree = "<group>"; };
		EC3E56862809691F00751BA2 /* MapLocations.plist */ = {isa = PBXFileReference; fileEncoding = 4; lastKnownFileType = text.plist.xml; path = MapLocations.plist; sourceTree = "<group>"; };
		EC3E56882809696B00751BA2 /* RestaurantItem.swift */ = {isa = PBXFileReference; lastKnownFileType = sourcecode.swift; path = RestaurantItem.swift; sourceTree = "<group>"; };
		EC3E568A28096D9100751BA2 /* MapDataManager.swift */ = {isa = PBXFileReference; lastKnownFileType = sourcecode.swift; path = MapDataManager.swift; sourceTree = "<group>"; };
		EC4A0BDF27E5BB8C000D0F4B /* RestaurantListViewController.swift */ = {isa = PBXFileReference; lastKnownFileType = sourcecode.swift; path = RestaurantListViewController.swift; sourceTree = "<group>"; };
		EC4DF1CE27FC16C0001B8D7D /* ExploreData.plist */ = {isa = PBXFileReference; fileEncoding = 4; lastKnownFileType = text.plist.xml; path = ExploreData.plist; sourceTree = "<group>"; };
		EC4DF1D027FC175A001B8D7D /* ExploreItem.swift */ = {isa = PBXFileReference; lastKnownFileType = sourcecode.swift; path = ExploreItem.swift; sourceTree = "<group>"; };
		EC4DF1D227FC1E08001B8D7D /* ExploreDataManager.swift */ = {isa = PBXFileReference; lastKnownFileType = sourcecode.swift; path = ExploreDataManager.swift; sourceTree = "<group>"; };
		ECC8C65127E49A1200B59B70 /* LetsEat.app */ = {isa = PBXFileReference; explicitFileType = wrapper.application; includeInIndex = 0; path = LetsEat.app; sourceTree = BUILT_PRODUCTS_DIR; };
		ECC8C65427E49A1200B59B70 /* AppDelegate.swift */ = {isa = PBXFileReference; lastKnownFileType = sourcecode.swift; path = AppDelegate.swift; sourceTree = "<group>"; };
		ECC8C65627E49A1200B59B70 /* SceneDelegate.swift */ = {isa = PBXFileReference; lastKnownFileType = sourcecode.swift; path = SceneDelegate.swift; sourceTree = "<group>"; };
		ECC8C65B27E49A1200B59B70 /* Base */ = {isa = PBXFileReference; lastKnownFileType = file.storyboard; name = Base; path = Base.lproj/Main.storyboard; sourceTree = "<group>"; };
		ECC8C66027E49A1D00B59B70 /* Base */ = {isa = PBXFileReference; lastKnownFileType = file.storyboard; name = Base; path = Base.lproj/LaunchScreen.storyboard; sourceTree = "<group>"; };
		ECC8C66227E49A1D00B59B70 /* Info.plist */ = {isa = PBXFileReference; lastKnownFileType = text.plist.xml; path = Info.plist; sourceTree = "<group>"; };
		ECC8C66827E4A61100B59B70 /* Assets.xcassets */ = {isa = PBXFileReference; lastKnownFileType = folder.assetcatalog; path = Assets.xcassets; sourceTree = "<group>"; };
		ECC8C66B27E4B0A700B59B70 /* ExploreViewController.swift */ = {isa = PBXFileReference; lastKnownFileType = sourcecode.swift; path = ExploreViewController.swift; sourceTree = "<group>"; };
/* End PBXFileReference section */

/* Begin PBXFrameworksBuildPhase section */
		ECC8C64E27E49A1200B59B70 /* Frameworks */ = {
			isa = PBXFrameworksBuildPhase;
			buildActionMask = 2147483647;
			files = (
			);
			runOnlyForDeploymentPostprocessing = 0;
		};
/* End PBXFrameworksBuildPhase section */

/* Begin PBXGroup section */
		EC2C6FAB2801783200A34FA0 /* View */ = {
			isa = PBXGroup;
			children = (
				EC2C6FAE2801788F00A34FA0 /* ExploreCell.swift */,
			);
			path = View;
			sourceTree = "<group>";
		};
		EC2C6FB028028AFB00A34FA0 /* Location */ = {
			isa = PBXGroup;
			children = (
				EC2C6FB228028B1600A34FA0 /* Model */,
				EC2C6FB128028B0F00A34FA0 /* View */,
				EC2C6FB328028B5900A34FA0 /* LocationViewController.swift */,
			);
			path = Location;
			sourceTree = "<group>";
		};
		EC2C6FB128028B0F00A34FA0 /* View */ = {
			isa = PBXGroup;
			children = (
			);
			path = View;
			sourceTree = "<group>";
		};
		EC2C6FB228028B1600A34FA0 /* Model */ = {
			isa = PBXGroup;
			children = (
				EC2C6FB9280294B300A34FA0 /* Locations.plist */,
				EC2C6FB7280290A300A34FA0 /* LocationDataManager.swift */,
			);
			path = Model;
			sourceTree = "<group>";
		};
		EC3E56842809687B00751BA2 /* Map */ = {
			isa = PBXGroup;
			children = (
				EC3E56852809688800751BA2 /* Model */,
			);
			path = Map;
			sourceTree = "<group>";
		};
		EC3E56852809688800751BA2 /* Model */ = {
			isa = PBXGroup;
			children = (
				EC3E56862809691F00751BA2 /* MapLocations.plist */,
				EC3E56882809696B00751BA2 /* RestaurantItem.swift */,
				EC3E568A28096D9100751BA2 /* MapDataManager.swift */,
			);
			path = Model;
			sourceTree = "<group>";
		};
		EC4A0BDE27E5BB5D000D0F4B /* Restaurants */ = {
			isa = PBXGroup;
			children = (
				EC4A0BDF27E5BB8C000D0F4B /* RestaurantListViewController.swift */,
			);
			path = Restaurants;
			sourceTree = "<group>";
		};
		EC4DF1CD27FC1693001B8D7D /* Model */ = {
			isa = PBXGroup;
			children = (
				EC4DF1CE27FC16C0001B8D7D /* ExploreData.plist */,
				EC4DF1D027FC175A001B8D7D /* ExploreItem.swift */,
				EC4DF1D227FC1E08001B8D7D /* ExploreDataManager.swift */,
			);
			path = Model;
			sourceTree = "<group>";
		};
		ECC8C64827E49A1200B59B70 = {
			isa = PBXGroup;
			children = (
				ECC8C65327E49A1200B59B70 /* LetsEat */,
				ECC8C65227E49A1200B59B70 /* Products */,
			);
			sourceTree = "<group>";
		};
		ECC8C65227E49A1200B59B70 /* Products */ = {
			isa = PBXGroup;
			children = (
				ECC8C65127E49A1200B59B70 /* LetsEat.app */,
			);
			name = Products;
			sourceTree = "<group>";
		};
		ECC8C65327E49A1200B59B70 /* LetsEat */ = {
			isa = PBXGroup;
			children = (
				EC3E56842809687B00751BA2 /* Map */,
				EC2C6FB028028AFB00A34FA0 /* Location */,
				EC4DF1CD27FC1693001B8D7D /* Model */,
				EC4A0BDE27E5BB5D000D0F4B /* Restaurants */,
				ECC8C66A27E4B07900B59B70 /* Explore */,
				ECC8C65427E49A1200B59B70 /* AppDelegate.swift */,
				ECC8C65627E49A1200B59B70 /* SceneDelegate.swift */,
				ECC8C65A27E49A1200B59B70 /* Main.storyboard */,
				ECC8C66827E4A61100B59B70 /* Assets.xcassets */,
				ECC8C65F27E49A1D00B59B70 /* LaunchScreen.storyboard */,
				ECC8C66227E49A1D00B59B70 /* Info.plist */,
			);
			path = LetsEat;
			sourceTree = "<group>";
		};
		ECC8C66A27E4B07900B59B70 /* Explore */ = {
			isa = PBXGroup;
			children = (
				EC2C6FAB2801783200A34FA0 /* View */,
				ECC8C66B27E4B0A700B59B70 /* ExploreViewController.swift */,
			);
			path = Explore;
			sourceTree = "<group>";
		};
/* End PBXGroup section */

/* Begin PBXNativeTarget section */
		ECC8C65027E49A1200B59B70 /* LetsEat */ = {
			isa = PBXNativeTarget;
			buildConfigurationList = ECC8C66527E49A1D00B59B70 /* Build configuration list for PBXNativeTarget "LetsEat" */;
			buildPhases = (
				ECC8C64D27E49A1200B59B70 /* Sources */,
				ECC8C64E27E49A1200B59B70 /* Frameworks */,
				ECC8C64F27E49A1200B59B70 /* Resources */,
			);
			buildRules = (
			);
			dependencies = (
			);
			name = LetsEat;
			productName = LetsEat;
			productReference = ECC8C65127E49A1200B59B70 /* LetsEat.app */;
			productType = "com.apple.product-type.application";
		};
/* End PBXNativeTarget section */

/* Begin PBXProject section */
		ECC8C64927E49A1200B59B70 /* Project object */ = {
			isa = PBXProject;
			attributes = {
				BuildIndependentTargetsInParallel = 1;
				LastSwiftUpdateCheck = 1330;
				LastUpgradeCheck = 1330;
				TargetAttributes = {
					ECC8C65027E49A1200B59B70 = {
						CreatedOnToolsVersion = 13.3;
					};
				};
			};
			buildConfigurationList = ECC8C64C27E49A1200B59B70 /* Build configuration list for PBXProject "LetsEat" */;
			compatibilityVersion = "Xcode 13.0";
			developmentRegion = en;
			hasScannedForEncodings = 0;
			knownRegions = (
				en,
				Base,
			);
			mainGroup = ECC8C64827E49A1200B59B70;
			productRefGroup = ECC8C65227E49A1200B59B70 /* Products */;
			projectDirPath = "";
			projectRoot = "";
			targets = (
				ECC8C65027E49A1200B59B70 /* LetsEat */,
			);
		};
/* End PBXProject section */

/* Begin PBXResourcesBuildPhase section */
		ECC8C64F27E49A1200B59B70 /* Resources */ = {
			isa = PBXResourcesBuildPhase;
			buildActionMask = 2147483647;
			files = (
				EC4DF1CF27FC16C0001B8D7D /* ExploreData.plist in Resources */,
				ECC8C66127E49A1D00B59B70 /* LaunchScreen.storyboard in Resources */,
				ECC8C66927E4A61100B59B70 /* Assets.xcassets in Resources */,
				EC2C6FBA280294B300A34FA0 /* Locations.plist in Resources */,
				EC3E56872809691F00751BA2 /* MapLocations.plist in Resources */,
				ECC8C65C27E49A1200B59B70 /* Main.storyboard in Resources */,
			);
			runOnlyForDeploymentPostprocessing = 0;
		};
/* End PBXResourcesBuildPhase section */

/* Begin PBXSourcesBuildPhase section */
		ECC8C64D27E49A1200B59B70 /* Sources */ = {
			isa = PBXSourcesBuildPhase;
			buildActionMask = 2147483647;
			files = (
				EC4DF1D127FC175A001B8D7D /* ExploreItem.swift in Sources */,
				EC3E568B28096D9100751BA2 /* MapDataManager.swift in Sources */,
				ECC8C65527E49A1200B59B70 /* AppDelegate.swift in Sources */,
				EC4A0BE027E5BB8C000D0F4B /* RestaurantListViewController.swift in Sources */,
				ECC8C65727E49A1200B59B70 /* SceneDelegate.swift in Sources */,
				ECC8C66C27E4B0A700B59B70 /* ExploreViewController.swift in Sources */,
				EC4DF1D327FC1E08001B8D7D /* ExploreDataManager.swift in Sources */,
				EC2C6FAF2801788F00A34FA0 /* ExploreCell.swift in Sources */,
				EC3E56892809696B00751BA2 /* RestaurantItem.swift in Sources */,
				EC2C6FB8280290A300A34FA0 /* LocationDataManager.swift in Sources */,
				EC2C6FB428028B5900A34FA0 /* LocationViewController.swift in Sources */,
			);
			runOnlyForDeploymentPostprocessing = 0;
		};
/* End PBXSourcesBuildPhase section */

/* Begin PBXVariantGroup section */
		ECC8C65A27E49A1200B59B70 /* Main.storyboard */ = {
			isa = PBXVariantGroup;
			children = (
				ECC8C65B27E49A1200B59B70 /* Base */,
			);
			name = Main.storyboard;
			sourceTree = "<group>";
		};
		ECC8C65F27E49A1D00B59B70 /* LaunchScreen.storyboard */ = {
			isa = PBXVariantGroup;
			children = (
				ECC8C66027E49A1D00B59B70 /* Base */,
			);
			name = LaunchScreen.storyboard;
			sourceTree = "<group>";
		};
/* End PBXVariantGroup section */

/* Begin XCBuildConfiguration section */
		ECC8C66327E49A1D00B59B70 /* Debug */ = {
			isa = XCBuildConfiguration;
			buildSettings = {
				ALWAYS_SEARCH_USER_PATHS = NO;
				CLANG_ANALYZER_NONNULL = YES;
				CLANG_ANALYZER_NUMBER_OBJECT_CONVERSION = YES_AGGRESSIVE;
				CLANG_CXX_LANGUAGE_STANDARD = "gnu++17";
				CLANG_ENABLE_MODULES = YES;
				CLANG_ENABLE_OBJC_ARC = YES;
				CLANG_ENABLE_OBJC_WEAK = YES;
				CLANG_WARN_BLOCK_CAPTURE_AUTORELEASING = YES;
				CLANG_WARN_BOOL_CONVERSION = YES;
				CLANG_WARN_COMMA = YES;
				CLANG_WARN_CONSTANT_CONVERSION = YES;
				CLANG_WARN_DEPRECATED_OBJC_IMPLEMENTATIONS = YES;
				CLANG_WARN_DIRECT_OBJC_ISA_USAGE = YES_ERROR;
				CLANG_WARN_DOCUMENTATION_COMMENTS = YES;
				CLANG_WARN_EMPTY_BODY = YES;
				CLANG_WARN_ENUM_CONVERSION = YES;
				CLANG_WARN_INFINITE_RECURSION = YES;
				CLANG_WARN_INT_CONVERSION = YES;
				CLANG_WARN_NON_LITERAL_NULL_CONVERSION = YES;
				CLANG_WARN_OBJC_IMPLICIT_RETAIN_SELF = YES;
				CLANG_WARN_OBJC_LITERAL_CONVERSION = YES;
				CLANG_WARN_OBJC_ROOT_CLASS = YES_ERROR;
				CLANG_WARN_QUOTED_INCLUDE_IN_FRAMEWORK_HEADER = YES;
				CLANG_WARN_RANGE_LOOP_ANALYSIS = YES;
				CLANG_WARN_STRICT_PROTOTYPES = YES;
				CLANG_WARN_SUSPICIOUS_MOVE = YES;
				CLANG_WARN_UNGUARDED_AVAILABILITY = YES_AGGRESSIVE;
				CLANG_WARN_UNREACHABLE_CODE = YES;
				CLANG_WARN__DUPLICATE_METHOD_MATCH = YES;
				COPY_PHASE_STRIP = NO;
				DEBUG_INFORMATION_FORMAT = dwarf;
				ENABLE_STRICT_OBJC_MSGSEND = YES;
				ENABLE_TESTABILITY = YES;
				GCC_C_LANGUAGE_STANDARD = gnu11;
				GCC_DYNAMIC_NO_PIC = NO;
				GCC_NO_COMMON_BLOCKS = YES;
				GCC_OPTIMIZATION_LEVEL = 0;
				GCC_PREPROCESSOR_DEFINITIONS = (
					"DEBUG=1",
					"$(inherited)",
				);
				GCC_WARN_64_TO_32_BIT_CONVERSION = YES;
				GCC_WARN_ABOUT_RETURN_TYPE = YES_ERROR;
				GCC_WARN_UNDECLARED_SELECTOR = YES;
				GCC_WARN_UNINITIALIZED_AUTOS = YES_AGGRESSIVE;
				GCC_WARN_UNUSED_FUNCTION = YES;
				GCC_WARN_UNUSED_VARIABLE = YES;
				IPHONEOS_DEPLOYMENT_TARGET = 15.4;
				MTL_ENABLE_DEBUG_INFO = INCLUDE_SOURCE;
				MTL_FAST_MATH = YES;
				ONLY_ACTIVE_ARCH = YES;
				SDKROOT = iphoneos;
				SWIFT_ACTIVE_COMPILATION_CONDITIONS = DEBUG;
				SWIFT_OPTIMIZATION_LEVEL = "-Onone";
			};
			name = Debug;
		};
		ECC8C66427E49A1D00B59B70 /* Release */ = {
			isa = XCBuildConfiguration;
			buildSettings = {
				ALWAYS_SEARCH_USER_PATHS = NO;
				CLANG_ANALYZER_NONNULL = YES;
				CLANG_ANALYZER_NUMBER_OBJECT_CONVERSION = YES_AGGRESSIVE;
				CLANG_CXX_LANGUAGE_STANDARD = "gnu++17";
				CLANG_ENABLE_MODULES = YES;
				CLANG_ENABLE_OBJC_ARC = YES;
				CLANG_ENABLE_OBJC_WEAK = YES;
				CLANG_WARN_BLOCK_CAPTURE_AUTORELEASING = YES;
				CLANG_WARN_BOOL_CONVERSION = YES;
				CLANG_WARN_COMMA = YES;
				CLANG_WARN_CONSTANT_CONVERSION = YES;
				CLANG_WARN_DEPRECATED_OBJC_IMPLEMENTATIONS = YES;
				CLANG_WARN_DIRECT_OBJC_ISA_USAGE = YES_ERROR;
				CLANG_WARN_DOCUMENTATION_COMMENTS = YES;
				CLANG_WARN_EMPTY_BODY = YES;
				CLANG_WARN_ENUM_CONVERSION = YES;
				CLANG_WARN_INFINITE_RECURSION = YES;
				CLANG_WARN_INT_CONVERSION = YES;
				CLANG_WARN_NON_LITERAL_NULL_CONVERSION = YES;
				CLANG_WARN_OBJC_IMPLICIT_RETAIN_SELF = YES;
				CLANG_WARN_OBJC_LITERAL_CONVERSION = YES;
				CLANG_WARN_OBJC_ROOT_CLASS = YES_ERROR;
				CLANG_WARN_QUOTED_INCLUDE_IN_FRAMEWORK_HEADER = YES;
				CLANG_WARN_RANGE_LOOP_ANALYSIS = YES;
				CLANG_WARN_STRICT_PROTOTYPES = YES;
				CLANG_WARN_SUSPICIOUS_MOVE = YES;
				CLANG_WARN_UNGUARDED_AVAILABILITY = YES_AGGRESSIVE;
				CLANG_WARN_UNREACHABLE_CODE = YES;
				CLANG_WARN__DUPLICATE_METHOD_MATCH = YES;
				COPY_PHASE_STRIP = NO;
				DEBUG_INFORMATION_FORMAT = "dwarf-with-dsym";
				ENABLE_NS_ASSERTIONS = NO;
				ENABLE_STRICT_OBJC_MSGSEND = YES;
				GCC_C_LANGUAGE_STANDARD = gnu11;
				GCC_NO_COMMON_BLOCKS = YES;
				GCC_WARN_64_TO_32_BIT_CONVERSION = YES;
				GCC_WARN_ABOUT_RETURN_TYPE = YES_ERROR;
				GCC_WARN_UNDECLARED_SELECTOR = YES;
				GCC_WARN_UNINITIALIZED_AUTOS = YES_AGGRESSIVE;
				GCC_WARN_UNUSED_FUNCTION = YES;
				GCC_WARN_UNUSED_VARIABLE = YES;
				IPHONEOS_DEPLOYMENT_TARGET = 15.4;
				MTL_ENABLE_DEBUG_INFO = NO;
				MTL_FAST_MATH = YES;
				SDKROOT = iphoneos;
				SWIFT_COMPILATION_MODE = wholemodule;
				SWIFT_OPTIMIZATION_LEVEL = "-O";
				VALIDATE_PRODUCT = YES;
			};
			name = Release;
		};
		ECC8C66627E49A1D00B59B70 /* Debug */ = {
			isa = XCBuildConfiguration;
			buildSettings = {
				ASSETCATALOG_COMPILER_APPICON_NAME = AppIcon;
				ASSETCATALOG_COMPILER_GLOBAL_ACCENT_COLOR_NAME = AccentColor;
				CODE_SIGN_STYLE = Automatic;
				CURRENT_PROJECT_VERSION = 1;
				DEVELOPMENT_TEAM = LLWVEL2646;
				GENERATE_INFOPLIST_FILE = YES;
				INFOPLIST_FILE = LetsEat/Info.plist;
				INFOPLIST_KEY_UIApplicationSupportsIndirectInputEvents = YES;
				INFOPLIST_KEY_UILaunchStoryboardName = LaunchScreen;
				INFOPLIST_KEY_UIMainStoryboardFile = Main;
				INFOPLIST_KEY_UISupportedInterfaceOrientations_iPad = "UIInterfaceOrientationPortrait UIInterfaceOrientationPortraitUpsideDown UIInterfaceOrientationLandscapeLeft UIInterfaceOrientationLandscapeRight";
				INFOPLIST_KEY_UISupportedInterfaceOrientations_iPhone = "UIInterfaceOrientationPortrait UIInterfaceOrientationLandscapeLeft UIInterfaceOrientationLandscapeRight";
				LD_RUNPATH_SEARCH_PATHS = (
					"$(inherited)",
					"@executable_path/Frameworks",
				);
				MARKETING_VERSION = 1.0;
				PRODUCT_BUNDLE_IDENTIFIER = com.cobi321.LetsEat;
				PRODUCT_NAME = "$(TARGET_NAME)";
				SWIFT_EMIT_LOC_STRINGS = YES;
				SWIFT_VERSION = 5.0;
				TARGETED_DEVICE_FAMILY = "1,2";
			};
			name = Debug;
		};
		ECC8C66727E49A1D00B59B70 /* Release */ = {
			isa = XCBuildConfiguration;
			buildSettings = {
				ASSETCATALOG_COMPILER_APPICON_NAME = AppIcon;
				ASSETCATALOG_COMPILER_GLOBAL_ACCENT_COLOR_NAME = AccentColor;
				CODE_SIGN_STYLE = Automatic;
				CURRENT_PROJECT_VERSION = 1;
				DEVELOPMENT_TEAM = LLWVEL2646;
				GENERATE_INFOPLIST_FILE = YES;
				INFOPLIST_FILE = LetsEat/Info.plist;
				INFOPLIST_KEY_UIApplicationSupportsIndirectInputEvents = YES;
				INFOPLIST_KEY_UILaunchStoryboardName = LaunchScreen;
				INFOPLIST_KEY_UIMainStoryboardFile = Main;
				INFOPLIST_KEY_UISupportedInterfaceOrientations_iPad = "UIInterfaceOrientationPortrait UIInterfaceOrientationPortraitUpsideDown UIInterfaceOrientationLandscapeLeft UIInterfaceOrientationLandscapeRight";
				INFOPLIST_KEY_UISupportedInterfaceOrientations_iPhone = "UIInterfaceOrientationPortrait UIInterfaceOrientationLandscapeLeft UIInterfaceOrientationLandscapeRight";
				LD_RUNPATH_SEARCH_PATHS = (
					"$(inherited)",
					"@executable_path/Frameworks",
				);
				MARKETING_VERSION = 1.0;
				PRODUCT_BUNDLE_IDENTIFIER = com.cobi321.LetsEat;
				PRODUCT_NAME = "$(TARGET_NAME)";
				SWIFT_EMIT_LOC_STRINGS = YES;
				SWIFT_VERSION = 5.0;
				TARGETED_DEVICE_FAMILY = "1,2";
			};
			name = Release;
		};
/* End XCBuildConfiguration section */

/* Begin XCConfigurationList section */
		ECC8C64C27E49A1200B59B70 /* Build configuration list for PBXProject "LetsEat" */ = {
			isa = XCConfigurationList;
			buildConfigurations = (
				ECC8C66327E49A1D00B59B70 /* Debug */,
				ECC8C66427E49A1D00B59B70 /* Release */,
			);
			defaultConfigurationIsVisible = 0;
			defaultConfigurationName = Release;
		};
		ECC8C66527E49A1D00B59B70 /* Build configuration list for PBXNativeTarget "LetsEat" */ = {
			isa = XCConfigurationList;
			buildConfigurations = (
				ECC8C66627E49A1D00B59B70 /* Debug */,
				ECC8C66727E49A1D00B59B70 /* Release */,
			);
			defaultConfigurationIsVisible = 0;
			defaultConfigurationName = Release;
		};
/* End XCConfigurationList section */
	};
	rootObject = ECC8C64927E49A1200B59B70 /* Project object */;
}
